
Microsoft Visual Studio Solution File, Format Version 12.00
# Visual Studio Version 17
VisualStudioVersion = 17.5.33502.453
MinimumVisualStudioVersion = 10.0.40219.1
Project("{FAE04EC0-301F-11D3-BF4B-00C04F79EFBC}") = "LAB2", "LAB2.csproj", "{8A96BA81-67F4-4A50-8200-0D035D6DFCBE}"
EndProject
Global
	GlobalSection(SolutionConfigurationPlatforms) = preSolution
		Debug|Any CPU = Debug|Any CPU
		Release|Any CPU = Release|Any CPU
	EndGlobalSection
	GlobalSection(ProjectConfigurationPlatforms) = postSolution
		{8A96BA81-67F4-4A50-8200-0D035D6DFCBE}.Debug|Any CPU.ActiveCfg = Debug|Any CPU
		{8A96BA81-67F4-4A50-8200-0D035D6DFCBE}.Debug|Any CPU.Build.0 = Debug|Any CPU
		{8A96BA81-67F4-4A50-8200-0D035D6DFCBE}.Release|Any CPU.ActiveCfg = Release|Any CPU
		{8A96BA81-67F4-4A50-8200-0D035D6DFCBE}.Release|Any CPU.Build.0 = Release|Any CPU
	EndGlobalSection
	GlobalSection(SolutionProperties) = preSolution
		HideSolutionNode = FALSE
	EndGlobalSection
	GlobalSection(ExtensibilityGlobals) = postSolution
		SolutionGuid = {C3A5C36A-1BC9-4658-ACC2-3308B8F59DC0}
	EndGlobalSection
EndGlobal
