
Microsoft Visual Studio Solution File, Format Version 12.00
# Visual Studio Version 17
VisualStudioVersion = 17.5.33502.453
MinimumVisualStudioVersion = 10.0.40219.1
Project("{FAE04EC0-301F-11D3-BF4B-00C04F79EFBC}") = "LAB1_poprawione", "LAB1_poprawione.csproj", "{8E7A1856-BF4C-49DC-8D81-23297BE79035}"
EndProject
Project("{FAE04EC0-301F-11D3-BF4B-00C04F79EFBC}") = "UnitTestProject1", "..\UnitTestProject1\UnitTestProject1.csproj", "{1DA136AA-59D0-4121-8B3A-B64C842289F1}"
EndProject
Global
	GlobalSection(SolutionConfigurationPlatforms) = preSolution
		Debug|Any CPU = Debug|Any CPU
		Release|Any CPU = Release|Any CPU
	EndGlobalSection
	GlobalSection(ProjectConfigurationPlatforms) = postSolution
		{8E7A1856-BF4C-49DC-8D81-23297BE79035}.Debug|Any CPU.ActiveCfg = Debug|Any CPU
		{8E7A1856-BF4C-49DC-8D81-23297BE79035}.Debug|Any CPU.Build.0 = Debug|Any CPU
		{8E7A1856-BF4C-49DC-8D81-23297BE79035}.Release|Any CPU.ActiveCfg = Release|Any CPU
		{8E7A1856-BF4C-49DC-8D81-23297BE79035}.Release|Any CPU.Build.0 = Release|Any CPU
		{1DA136AA-59D0-4121-8B3A-B64C842289F1}.Debug|Any CPU.ActiveCfg = Debug|Any CPU
		{1DA136AA-59D0-4121-8B3A-B64C842289F1}.Debug|Any CPU.Build.0 = Debug|Any CPU
		{1DA136AA-59D0-4121-8B3A-B64C842289F1}.Release|Any CPU.ActiveCfg = Release|Any CPU
		{1DA136AA-59D0-4121-8B3A-B64C842289F1}.Release|Any CPU.Build.0 = Release|Any CPU
	EndGlobalSection
	GlobalSection(SolutionProperties) = preSolution
		HideSolutionNode = FALSE
	EndGlobalSection
	GlobalSection(ExtensibilityGlobals) = postSolution
		SolutionGuid = {AEAB82BA-1BBA-4EC7-96E3-F471C5321FC1}
	EndGlobalSection
EndGlobal
